{
    "version": 3,
    "terraform_version": "0.11.8",
    "serial": 3,
    "lineage": "be306708-0e4f-1861-560e-c1d4219cfaac",
    "modules": [
        {
            "path": [
                "root"
            ],
            "outputs": {},
            "resources": {
                "aws_instance.tfvm": {
                    "type": "aws_instance",
                    "depends_on": [],
                    "primary": {
                        "id": "i-043a35267883eeed7",
                        "attributes": {
                            "ami": "ami-04336e67b2d52699e",
                            "arn": "arn:aws:ec2:ap-southeast-1:217601945854:instance/i-043a35267883eeed7",
                            "associate_public_ip_address": "true",
                            "availability_zone": "ap-southeast-1b",
                            "cpu_core_count": "1",
                            "cpu_threads_per_core": "1",
                            "credit_specification.#": "1",
                            "credit_specification.0.cpu_credits": "standard",
                            "disable_api_termination": "false",
                            "ebs_block_device.#": "0",
                            "ebs_optimized": "false",
                            "ephemeral_block_device.#": "0",
                            "get_password_data": "false",
                            "iam_instance_profile": "",
                            "id": "i-043a35267883eeed7",
                            "instance_state": "running",
                            "instance_type": "t2.micro",
                            "ipv6_addresses.#": "0",
                            "key_name": "",
                            "monitoring": "false",
                            "network_interface.#": "0",
                            "network_interface_id": "eni-06aac7d867c657304",
                            "password_data": "",
                            "placement_group": "",
                            "primary_network_interface_id": "eni-06aac7d867c657304",
                            "private_dns": "ip-172-31-21-23.ap-southeast-1.compute.internal",
                            "private_ip": "172.31.21.23",
                            "public_dns": "ec2-3-0-16-32.ap-southeast-1.compute.amazonaws.com",
                            "public_ip": "3.0.16.32",
                            "root_block_device.#": "1",
                            "root_block_device.0.delete_on_termination": "true",
                            "root_block_device.0.iops": "100",
                            "root_block_device.0.volume_id": "vol-0a4c28b7e9cfd2e89",
                            "root_block_device.0.volume_size": "30",
                            "root_block_device.0.volume_type": "gp2",
                            "security_groups.#": "1",
                            "security_groups.3814588639": "default",
                            "source_dest_check": "true",
                            "subnet_id": "subnet-ffb7e498",
                            "tags.%": "0",
                            "tenancy": "default",
                            "volume_tags.%": "0",
                            "vpc_security_group_ids.#": "1",
                            "vpc_security_group_ids.1911063487": "sg-6b583b12"
                        },
                        "meta": {
                            "e2bfb730-ecaa-11e6-8f88-34363bc7c4c0": {
                                "create": 600000000000,
                                "delete": 1200000000000,
                                "update": 600000000000
                            },
                            "schema_version": "1"
                        },
                        "tainted": false
                    },
                    "deposed": [],
                    "provider": "provider.aws"
                }
            },
            "depends_on": []
        }
    ]
}
